
Microsoft Visual Studio Solution File, Format Version 12.00
# Visual Studio Version 17
VisualStudioVersion = 17.5.33424.131
MinimumVisualStudioVersion = 10.0.40219.1
Project("{9A19103F-16F7-4668-BE54-9A1E7A4F7556}") = "EventsExample", "EventsExample\EventsExample.csproj", "{74317CC0-00F6-4D05-B2EB-BB6AFC6B112F}"
EndProject
Project("{FAE04EC0-301F-11D3-BF4B-00C04F79EFBC}") = "ObservableExample", "ObservableExample\ObservableExample.csproj", "{17002F4C-6CA9-4C2D-A3CF-D8C3630BDEA6}"
EndProject
Global
	GlobalSection(SolutionConfigurationPlatforms) = preSolution
		Debug|Any CPU = Debug|Any CPU
		Release|Any CPU = Release|Any CPU
	EndGlobalSection
	GlobalSection(ProjectConfigurationPlatforms) = postSolution
		{74317CC0-00F6-4D05-B2EB-BB6AFC6B112F}.Debug|Any CPU.ActiveCfg = Debug|Any CPU
		{74317CC0-00F6-4D05-B2EB-BB6AFC6B112F}.Debug|Any CPU.Build.0 = Debug|Any CPU
		{74317CC0-00F6-4D05-B2EB-BB6AFC6B112F}.Release|Any CPU.ActiveCfg = Release|Any CPU
		{74317CC0-00F6-4D05-B2EB-BB6AFC6B112F}.Release|Any CPU.Build.0 = Release|Any CPU
		{17002F4C-6CA9-4C2D-A3CF-D8C3630BDEA6}.Debug|Any CPU.ActiveCfg = Debug|Any CPU
		{17002F4C-6CA9-4C2D-A3CF-D8C3630BDEA6}.Debug|Any CPU.Build.0 = Debug|Any CPU
		{17002F4C-6CA9-4C2D-A3CF-D8C3630BDEA6}.Release|Any CPU.ActiveCfg = Release|Any CPU
		{17002F4C-6CA9-4C2D-A3CF-D8C3630BDEA6}.Release|Any CPU.Build.0 = Release|Any CPU
	EndGlobalSection
	GlobalSection(SolutionProperties) = preSolution
		HideSolutionNode = FALSE
	EndGlobalSection
	GlobalSection(ExtensibilityGlobals) = postSolution
		SolutionGuid = {6D5D6156-0B6B-4F86-9EB7-650CFC9ED218}
	EndGlobalSection
EndGlobal
